
Microsoft Visual Studio Solution File, Format Version 12.00
# Visual Studio 14
VisualStudioVersion = 14.0.24720.0
MinimumVisualStudioVersion = 10.0.40219.1
Project("{FAE04EC0-301F-11D3-BF4B-00C04F79EFBC}") = "libXolTodoTxt", "libXolTodoTxt\libXolTodoTxt.csproj", "{C5574D93-7EEC-4D20-8608-F78162743E4D}"
EndProject
Project("{FAE04EC0-301F-11D3-BF4B-00C04F79EFBC}") = "cli", "cli\cli.csproj", "{35DD4C5D-29AC-4036-B61D-5CBBBA37B677}"
EndProject
Project("{FAE04EC0-301F-11D3-BF4B-00C04F79EFBC}") = "libXolTodoTxt-test", "libXolTodoTxt-test\libXolTodoTxt-test.csproj", "{EA718622-9B81-409C-B045-02DDE6B43680}"
EndProject
Global
	GlobalSection(SolutionConfigurationPlatforms) = preSolution
		Debug|Any CPU = Debug|Any CPU
		Debug|ARM = Debug|ARM
		Debug|x64 = Debug|x64
		Debug|x86 = Debug|x86
		Release|Any CPU = Release|Any CPU
		Release|ARM = Release|ARM
		Release|x64 = Release|x64
		Release|x86 = Release|x86
	EndGlobalSection
	GlobalSection(ProjectConfigurationPlatforms) = postSolution
		{C5574D93-7EEC-4D20-8608-F78162743E4D}.Debug|Any CPU.ActiveCfg = Debug|Any CPU
		{C5574D93-7EEC-4D20-8608-F78162743E4D}.Debug|Any CPU.Build.0 = Debug|Any CPU
		{C5574D93-7EEC-4D20-8608-F78162743E4D}.Debug|ARM.ActiveCfg = Debug|Any CPU
		{C5574D93-7EEC-4D20-8608-F78162743E4D}.Debug|ARM.Build.0 = Debug|Any CPU
		{C5574D93-7EEC-4D20-8608-F78162743E4D}.Debug|x64.ActiveCfg = Debug|Any CPU
		{C5574D93-7EEC-4D20-8608-F78162743E4D}.Debug|x64.Build.0 = Debug|Any CPU
		{C5574D93-7EEC-4D20-8608-F78162743E4D}.Debug|x86.ActiveCfg = Debug|Any CPU
		{C5574D93-7EEC-4D20-8608-F78162743E4D}.Debug|x86.Build.0 = Debug|Any CPU
		{C5574D93-7EEC-4D20-8608-F78162743E4D}.Release|Any CPU.ActiveCfg = Release|Any CPU
		{C5574D93-7EEC-4D20-8608-F78162743E4D}.Release|Any CPU.Build.0 = Release|Any CPU
		{C5574D93-7EEC-4D20-8608-F78162743E4D}.Release|ARM.ActiveCfg = Release|Any CPU
		{C5574D93-7EEC-4D20-8608-F78162743E4D}.Release|ARM.Build.0 = Release|Any CPU
		{C5574D93-7EEC-4D20-8608-F78162743E4D}.Release|x64.ActiveCfg = Release|Any CPU
		{C5574D93-7EEC-4D20-8608-F78162743E4D}.Release|x64.Build.0 = Release|Any CPU
		{C5574D93-7EEC-4D20-8608-F78162743E4D}.Release|x86.ActiveCfg = Release|Any CPU
		{C5574D93-7EEC-4D20-8608-F78162743E4D}.Release|x86.Build.0 = Release|Any CPU
		{35DD4C5D-29AC-4036-B61D-5CBBBA37B677}.Debug|Any CPU.ActiveCfg = Debug|Any CPU
		{35DD4C5D-29AC-4036-B61D-5CBBBA37B677}.Debug|Any CPU.Build.0 = Debug|Any CPU
		{35DD4C5D-29AC-4036-B61D-5CBBBA37B677}.Debug|ARM.ActiveCfg = Debug|Any CPU
		{35DD4C5D-29AC-4036-B61D-5CBBBA37B677}.Debug|ARM.Build.0 = Debug|Any CPU
		{35DD4C5D-29AC-4036-B61D-5CBBBA37B677}.Debug|x64.ActiveCfg = Debug|Any CPU
		{35DD4C5D-29AC-4036-B61D-5CBBBA37B677}.Debug|x64.Build.0 = Debug|Any CPU
		{35DD4C5D-29AC-4036-B61D-5CBBBA37B677}.Debug|x86.ActiveCfg = Debug|Any CPU
		{35DD4C5D-29AC-4036-B61D-5CBBBA37B677}.Debug|x86.Build.0 = Debug|Any CPU
		{35DD4C5D-29AC-4036-B61D-5CBBBA37B677}.Release|Any CPU.ActiveCfg = Release|Any CPU
		{35DD4C5D-29AC-4036-B61D-5CBBBA37B677}.Release|Any CPU.Build.0 = Release|Any CPU
		{35DD4C5D-29AC-4036-B61D-5CBBBA37B677}.Release|ARM.ActiveCfg = Release|Any CPU
		{35DD4C5D-29AC-4036-B61D-5CBBBA37B677}.Release|ARM.Build.0 = Release|Any CPU
		{35DD4C5D-29AC-4036-B61D-5CBBBA37B677}.Release|x64.ActiveCfg = Release|Any CPU
		{35DD4C5D-29AC-4036-B61D-5CBBBA37B677}.Release|x64.Build.0 = Release|Any CPU
		{35DD4C5D-29AC-4036-B61D-5CBBBA37B677}.Release|x86.ActiveCfg = Release|Any CPU
		{35DD4C5D-29AC-4036-B61D-5CBBBA37B677}.Release|x86.Build.0 = Release|Any CPU
		{EA718622-9B81-409C-B045-02DDE6B43680}.Debug|Any CPU.ActiveCfg = Debug|Any CPU
		{EA718622-9B81-409C-B045-02DDE6B43680}.Debug|Any CPU.Build.0 = Debug|Any CPU
		{EA718622-9B81-409C-B045-02DDE6B43680}.Debug|ARM.ActiveCfg = Debug|Any CPU
		{EA718622-9B81-409C-B045-02DDE6B43680}.Debug|ARM.Build.0 = Debug|Any CPU
		{EA718622-9B81-409C-B045-02DDE6B43680}.Debug|x64.ActiveCfg = Debug|Any CPU
		{EA718622-9B81-409C-B045-02DDE6B43680}.Debug|x64.Build.0 = Debug|Any CPU
		{EA718622-9B81-409C-B045-02DDE6B43680}.Debug|x86.ActiveCfg = Debug|Any CPU
		{EA718622-9B81-409C-B045-02DDE6B43680}.Debug|x86.Build.0 = Debug|Any CPU
		{EA718622-9B81-409C-B045-02DDE6B43680}.Release|Any CPU.ActiveCfg = Release|Any CPU
		{EA718622-9B81-409C-B045-02DDE6B43680}.Release|Any CPU.Build.0 = Release|Any CPU
		{EA718622-9B81-409C-B045-02DDE6B43680}.Release|ARM.ActiveCfg = Release|Any CPU
		{EA718622-9B81-409C-B045-02DDE6B43680}.Release|ARM.Build.0 = Release|Any CPU
		{EA718622-9B81-409C-B045-02DDE6B43680}.Release|x64.ActiveCfg = Release|Any CPU
		{EA718622-9B81-409C-B045-02DDE6B43680}.Release|x64.Build.0 = Release|Any CPU
		{EA718622-9B81-409C-B045-02DDE6B43680}.Release|x86.ActiveCfg = Release|Any CPU
		{EA718622-9B81-409C-B045-02DDE6B43680}.Release|x86.Build.0 = Release|Any CPU
	EndGlobalSection
	GlobalSection(SolutionProperties) = preSolution
		HideSolutionNode = FALSE
	EndGlobalSection
EndGlobal
