
Microsoft Visual Studio Solution File, Format Version 12.00
# Visual Studio 14
VisualStudioVersion = 14.0.24720.0
MinimumVisualStudioVersion = 10.0.40219.1
Project("{FAE04EC0-301F-11D3-BF4B-00C04F79EFBC}") = "libXolTodoTxt-test", "libXolTodoTxt-tests\libXolTodoTxt-test.csproj", "{F7B87CF9-C679-4920-8066-0D72181EB95E}"
	ProjectSection(ProjectDependencies) = postProject
		{C5574D93-7EEC-4D20-8608-F78162743E4D} = {C5574D93-7EEC-4D20-8608-F78162743E4D}
	EndProjectSection
EndProject
Project("{FAE04EC0-301F-11D3-BF4B-00C04F79EFBC}") = "libXolTodoTxt", "libXolTodoTxt\libXolTodoTxt.csproj", "{C5574D93-7EEC-4D20-8608-F78162743E4D}"
EndProject
Project("{FAE04EC0-301F-11D3-BF4B-00C04F79EFBC}") = "cli", "cli\cli.csproj", "{35DD4C5D-29AC-4036-B61D-5CBBBA37B677}"
EndProject
Global
	GlobalSection(SolutionConfigurationPlatforms) = preSolution
		Debug|Any CPU = Debug|Any CPU
		Debug|ARM = Debug|ARM
		Debug|x64 = Debug|x64
		Debug|x86 = Debug|x86
		Release|Any CPU = Release|Any CPU
		Release|ARM = Release|ARM
		Release|x64 = Release|x64
		Release|x86 = Release|x86
	EndGlobalSection
	GlobalSection(ProjectConfigurationPlatforms) = postSolution
		{F7B87CF9-C679-4920-8066-0D72181EB95E}.Debug|Any CPU.ActiveCfg = Debug|x86
		{F7B87CF9-C679-4920-8066-0D72181EB95E}.Debug|ARM.ActiveCfg = Debug|ARM
		{F7B87CF9-C679-4920-8066-0D72181EB95E}.Debug|ARM.Build.0 = Debug|ARM
		{F7B87CF9-C679-4920-8066-0D72181EB95E}.Debug|ARM.Deploy.0 = Debug|ARM
		{F7B87CF9-C679-4920-8066-0D72181EB95E}.Debug|x64.ActiveCfg = Debug|x64
		{F7B87CF9-C679-4920-8066-0D72181EB95E}.Debug|x64.Build.0 = Debug|x64
		{F7B87CF9-C679-4920-8066-0D72181EB95E}.Debug|x64.Deploy.0 = Debug|x64
		{F7B87CF9-C679-4920-8066-0D72181EB95E}.Debug|x86.ActiveCfg = Debug|x86
		{F7B87CF9-C679-4920-8066-0D72181EB95E}.Debug|x86.Build.0 = Debug|x86
		{F7B87CF9-C679-4920-8066-0D72181EB95E}.Debug|x86.Deploy.0 = Debug|x86
		{F7B87CF9-C679-4920-8066-0D72181EB95E}.Release|Any CPU.ActiveCfg = Release|x86
		{F7B87CF9-C679-4920-8066-0D72181EB95E}.Release|ARM.ActiveCfg = Release|ARM
		{F7B87CF9-C679-4920-8066-0D72181EB95E}.Release|ARM.Build.0 = Release|ARM
		{F7B87CF9-C679-4920-8066-0D72181EB95E}.Release|ARM.Deploy.0 = Release|ARM
		{F7B87CF9-C679-4920-8066-0D72181EB95E}.Release|x64.ActiveCfg = Release|x64
		{F7B87CF9-C679-4920-8066-0D72181EB95E}.Release|x64.Build.0 = Release|x64
		{F7B87CF9-C679-4920-8066-0D72181EB95E}.Release|x64.Deploy.0 = Release|x64
		{F7B87CF9-C679-4920-8066-0D72181EB95E}.Release|x86.ActiveCfg = Release|x86
		{F7B87CF9-C679-4920-8066-0D72181EB95E}.Release|x86.Build.0 = Release|x86
		{F7B87CF9-C679-4920-8066-0D72181EB95E}.Release|x86.Deploy.0 = Release|x86
		{C5574D93-7EEC-4D20-8608-F78162743E4D}.Debug|Any CPU.ActiveCfg = Debug|Any CPU
		{C5574D93-7EEC-4D20-8608-F78162743E4D}.Debug|Any CPU.Build.0 = Debug|Any CPU
		{C5574D93-7EEC-4D20-8608-F78162743E4D}.Debug|ARM.ActiveCfg = Debug|Any CPU
		{C5574D93-7EEC-4D20-8608-F78162743E4D}.Debug|ARM.Build.0 = Debug|Any CPU
		{C5574D93-7EEC-4D20-8608-F78162743E4D}.Debug|x64.ActiveCfg = Debug|Any CPU
		{C5574D93-7EEC-4D20-8608-F78162743E4D}.Debug|x64.Build.0 = Debug|Any CPU
		{C5574D93-7EEC-4D20-8608-F78162743E4D}.Debug|x86.ActiveCfg = Debug|Any CPU
		{C5574D93-7EEC-4D20-8608-F78162743E4D}.Debug|x86.Build.0 = Debug|Any CPU
		{C5574D93-7EEC-4D20-8608-F78162743E4D}.Release|Any CPU.ActiveCfg = Release|Any CPU
		{C5574D93-7EEC-4D20-8608-F78162743E4D}.Release|Any CPU.Build.0 = Release|Any CPU
		{C5574D93-7EEC-4D20-8608-F78162743E4D}.Release|ARM.ActiveCfg = Release|Any CPU
		{C5574D93-7EEC-4D20-8608-F78162743E4D}.Release|ARM.Build.0 = Release|Any CPU
		{C5574D93-7EEC-4D20-8608-F78162743E4D}.Release|x64.ActiveCfg = Release|Any CPU
		{C5574D93-7EEC-4D20-8608-F78162743E4D}.Release|x64.Build.0 = Release|Any CPU
		{C5574D93-7EEC-4D20-8608-F78162743E4D}.Release|x86.ActiveCfg = Release|Any CPU
		{C5574D93-7EEC-4D20-8608-F78162743E4D}.Release|x86.Build.0 = Release|Any CPU
		{35DD4C5D-29AC-4036-B61D-5CBBBA37B677}.Debug|Any CPU.ActiveCfg = Debug|Any CPU
		{35DD4C5D-29AC-4036-B61D-5CBBBA37B677}.Debug|Any CPU.Build.0 = Debug|Any CPU
		{35DD4C5D-29AC-4036-B61D-5CBBBA37B677}.Debug|ARM.ActiveCfg = Debug|Any CPU
		{35DD4C5D-29AC-4036-B61D-5CBBBA37B677}.Debug|ARM.Build.0 = Debug|Any CPU
		{35DD4C5D-29AC-4036-B61D-5CBBBA37B677}.Debug|x64.ActiveCfg = Debug|Any CPU
		{35DD4C5D-29AC-4036-B61D-5CBBBA37B677}.Debug|x64.Build.0 = Debug|Any CPU
		{35DD4C5D-29AC-4036-B61D-5CBBBA37B677}.Debug|x86.ActiveCfg = Debug|Any CPU
		{35DD4C5D-29AC-4036-B61D-5CBBBA37B677}.Debug|x86.Build.0 = Debug|Any CPU
		{35DD4C5D-29AC-4036-B61D-5CBBBA37B677}.Release|Any CPU.ActiveCfg = Release|Any CPU
		{35DD4C5D-29AC-4036-B61D-5CBBBA37B677}.Release|Any CPU.Build.0 = Release|Any CPU
		{35DD4C5D-29AC-4036-B61D-5CBBBA37B677}.Release|ARM.ActiveCfg = Release|Any CPU
		{35DD4C5D-29AC-4036-B61D-5CBBBA37B677}.Release|ARM.Build.0 = Release|Any CPU
		{35DD4C5D-29AC-4036-B61D-5CBBBA37B677}.Release|x64.ActiveCfg = Release|Any CPU
		{35DD4C5D-29AC-4036-B61D-5CBBBA37B677}.Release|x64.Build.0 = Release|Any CPU
		{35DD4C5D-29AC-4036-B61D-5CBBBA37B677}.Release|x86.ActiveCfg = Release|Any CPU
		{35DD4C5D-29AC-4036-B61D-5CBBBA37B677}.Release|x86.Build.0 = Release|Any CPU
	EndGlobalSection
	GlobalSection(SolutionProperties) = preSolution
		HideSolutionNode = FALSE
	EndGlobalSection
EndGlobal
